
Microsoft Visual Studio Solution File, Format Version 12.00
Project("{FAE04EC0-301F-11D3-BF4B-00C04F79EFBC}") = "GameTools", "GameTools\GameTools.csproj", "{F4473361-30DA-41B4-89B0-9AF181F86138}"
EndProject
Project("{2150E333-8FDC-42A3-9474-1A3956D46DE8}") = "LVK.Libraries", "LVK.Libraries", "{41C5A87B-773A-4D35-A798-B28B7F3C0D29}"
EndProject
Project("{FAE04EC0-301F-11D3-BF4B-00C04F79EFBC}") = "LVK.Bootstrapping", "LVK.Libraries\src\LVK.Bootstrapping\LVK.Bootstrapping.csproj", "{90F41194-A0B9-4796-B5DA-1F2091FF5FC0}"
EndProject
Project("{FAE04EC0-301F-11D3-BF4B-00C04F79EFBC}") = "LVK.Hosting", "LVK.Libraries\src\LVK.Hosting\LVK.Hosting.csproj", "{B6F575CB-3F77-4F31-BFB4-4DD9627F7636}"
EndProject
Project("{FAE04EC0-301F-11D3-BF4B-00C04F79EFBC}") = "GameTools.Database", "GameTools.Database\GameTools.Database.csproj", "{EC41FF4F-7959-4910-809F-E9AE33C6890B}"
EndProject
Project("{FAE04EC0-301F-11D3-BF4B-00C04F79EFBC}") = "GameTools.Workers", "GameTools.Workers\GameTools.Workers.csproj", "{66382026-15A3-49F8-A7EE-3543A9F01399}"
EndProject
Project("{FAE04EC0-301F-11D3-BF4B-00C04F79EFBC}") = "LVK.Pushover", "LVK.Libraries\src\LVK.Pushover\LVK.Pushover.csproj", "{E69A40E6-EEA6-4084-9AE1-5FF0A1741AC3}"
EndProject
Project("{FAE04EC0-301F-11D3-BF4B-00C04F79EFBC}") = "LVK.Data.PostgreSql", "LVK.Libraries\src\LVK.Data.PostgreSql\LVK.Data.PostgreSql.csproj", "{A93A8B6F-8535-4B63-81B3-4326227526BE}"
EndProject
Project("{FAE04EC0-301F-11D3-BF4B-00C04F79EFBC}") = "LVK.Events", "LVK.Libraries\src\LVK.Events\LVK.Events.csproj", "{2A736ECF-EC63-4BA8-B26C-B5EAAF89BC6D}"
EndProject
Project("{FAE04EC0-301F-11D3-BF4B-00C04F79EFBC}") = "LVK.Core", "LVK.Libraries\src\LVK.Core\LVK.Core.csproj", "{36B4D7FD-6AC4-4C0A-B6A8-1D7786B47750}"
EndProject
Project("{FAE04EC0-301F-11D3-BF4B-00C04F79EFBC}") = "LVK.Data", "LVK.Libraries\src\LVK.Data\LVK.Data.csproj", "{6BCAAB1C-BCBC-40EF-A26D-7E705EA28B6A}"
EndProject
Global
	GlobalSection(SolutionConfigurationPlatforms) = preSolution
		Debug|Any CPU = Debug|Any CPU
		Release|Any CPU = Release|Any CPU
	EndGlobalSection
	GlobalSection(ProjectConfigurationPlatforms) = postSolution
		{F4473361-30DA-41B4-89B0-9AF181F86138}.Debug|Any CPU.ActiveCfg = Debug|Any CPU
		{F4473361-30DA-41B4-89B0-9AF181F86138}.Debug|Any CPU.Build.0 = Debug|Any CPU
		{F4473361-30DA-41B4-89B0-9AF181F86138}.Release|Any CPU.ActiveCfg = Release|Any CPU
		{F4473361-30DA-41B4-89B0-9AF181F86138}.Release|Any CPU.Build.0 = Release|Any CPU
		{90F41194-A0B9-4796-B5DA-1F2091FF5FC0}.Debug|Any CPU.ActiveCfg = Debug|Any CPU
		{90F41194-A0B9-4796-B5DA-1F2091FF5FC0}.Debug|Any CPU.Build.0 = Debug|Any CPU
		{90F41194-A0B9-4796-B5DA-1F2091FF5FC0}.Release|Any CPU.ActiveCfg = Release|Any CPU
		{90F41194-A0B9-4796-B5DA-1F2091FF5FC0}.Release|Any CPU.Build.0 = Release|Any CPU
		{B6F575CB-3F77-4F31-BFB4-4DD9627F7636}.Debug|Any CPU.ActiveCfg = Debug|Any CPU
		{B6F575CB-3F77-4F31-BFB4-4DD9627F7636}.Debug|Any CPU.Build.0 = Debug|Any CPU
		{B6F575CB-3F77-4F31-BFB4-4DD9627F7636}.Release|Any CPU.ActiveCfg = Release|Any CPU
		{B6F575CB-3F77-4F31-BFB4-4DD9627F7636}.Release|Any CPU.Build.0 = Release|Any CPU
		{EC41FF4F-7959-4910-809F-E9AE33C6890B}.Debug|Any CPU.ActiveCfg = Debug|Any CPU
		{EC41FF4F-7959-4910-809F-E9AE33C6890B}.Debug|Any CPU.Build.0 = Debug|Any CPU
		{EC41FF4F-7959-4910-809F-E9AE33C6890B}.Release|Any CPU.ActiveCfg = Release|Any CPU
		{EC41FF4F-7959-4910-809F-E9AE33C6890B}.Release|Any CPU.Build.0 = Release|Any CPU
		{66382026-15A3-49F8-A7EE-3543A9F01399}.Debug|Any CPU.ActiveCfg = Debug|Any CPU
		{66382026-15A3-49F8-A7EE-3543A9F01399}.Debug|Any CPU.Build.0 = Debug|Any CPU
		{66382026-15A3-49F8-A7EE-3543A9F01399}.Release|Any CPU.ActiveCfg = Release|Any CPU
		{66382026-15A3-49F8-A7EE-3543A9F01399}.Release|Any CPU.Build.0 = Release|Any CPU
		{E69A40E6-EEA6-4084-9AE1-5FF0A1741AC3}.Debug|Any CPU.ActiveCfg = Debug|Any CPU
		{E69A40E6-EEA6-4084-9AE1-5FF0A1741AC3}.Debug|Any CPU.Build.0 = Debug|Any CPU
		{E69A40E6-EEA6-4084-9AE1-5FF0A1741AC3}.Release|Any CPU.ActiveCfg = Release|Any CPU
		{E69A40E6-EEA6-4084-9AE1-5FF0A1741AC3}.Release|Any CPU.Build.0 = Release|Any CPU
		{A93A8B6F-8535-4B63-81B3-4326227526BE}.Debug|Any CPU.ActiveCfg = Debug|Any CPU
		{A93A8B6F-8535-4B63-81B3-4326227526BE}.Debug|Any CPU.Build.0 = Debug|Any CPU
		{A93A8B6F-8535-4B63-81B3-4326227526BE}.Release|Any CPU.ActiveCfg = Release|Any CPU
		{A93A8B6F-8535-4B63-81B3-4326227526BE}.Release|Any CPU.Build.0 = Release|Any CPU
		{2A736ECF-EC63-4BA8-B26C-B5EAAF89BC6D}.Debug|Any CPU.ActiveCfg = Debug|Any CPU
		{2A736ECF-EC63-4BA8-B26C-B5EAAF89BC6D}.Debug|Any CPU.Build.0 = Debug|Any CPU
		{2A736ECF-EC63-4BA8-B26C-B5EAAF89BC6D}.Release|Any CPU.ActiveCfg = Release|Any CPU
		{2A736ECF-EC63-4BA8-B26C-B5EAAF89BC6D}.Release|Any CPU.Build.0 = Release|Any CPU
		{36B4D7FD-6AC4-4C0A-B6A8-1D7786B47750}.Debug|Any CPU.ActiveCfg = Debug|Any CPU
		{36B4D7FD-6AC4-4C0A-B6A8-1D7786B47750}.Debug|Any CPU.Build.0 = Debug|Any CPU
		{36B4D7FD-6AC4-4C0A-B6A8-1D7786B47750}.Release|Any CPU.ActiveCfg = Release|Any CPU
		{36B4D7FD-6AC4-4C0A-B6A8-1D7786B47750}.Release|Any CPU.Build.0 = Release|Any CPU
		{6BCAAB1C-BCBC-40EF-A26D-7E705EA28B6A}.Debug|Any CPU.ActiveCfg = Debug|Any CPU
		{6BCAAB1C-BCBC-40EF-A26D-7E705EA28B6A}.Debug|Any CPU.Build.0 = Debug|Any CPU
		{6BCAAB1C-BCBC-40EF-A26D-7E705EA28B6A}.Release|Any CPU.ActiveCfg = Release|Any CPU
		{6BCAAB1C-BCBC-40EF-A26D-7E705EA28B6A}.Release|Any CPU.Build.0 = Release|Any CPU
	EndGlobalSection
	GlobalSection(NestedProjects) = preSolution
		{90F41194-A0B9-4796-B5DA-1F2091FF5FC0} = {41C5A87B-773A-4D35-A798-B28B7F3C0D29}
		{B6F575CB-3F77-4F31-BFB4-4DD9627F7636} = {41C5A87B-773A-4D35-A798-B28B7F3C0D29}
		{E69A40E6-EEA6-4084-9AE1-5FF0A1741AC3} = {41C5A87B-773A-4D35-A798-B28B7F3C0D29}
		{A93A8B6F-8535-4B63-81B3-4326227526BE} = {41C5A87B-773A-4D35-A798-B28B7F3C0D29}
		{2A736ECF-EC63-4BA8-B26C-B5EAAF89BC6D} = {41C5A87B-773A-4D35-A798-B28B7F3C0D29}
		{36B4D7FD-6AC4-4C0A-B6A8-1D7786B47750} = {41C5A87B-773A-4D35-A798-B28B7F3C0D29}
		{6BCAAB1C-BCBC-40EF-A26D-7E705EA28B6A} = {41C5A87B-773A-4D35-A798-B28B7F3C0D29}
	EndGlobalSection
EndGlobal
